
Microsoft Visual Studio Solution File, Format Version 12.00
# Visual Studio Version 17
VisualStudioVersion = 17.8.34330.188
MinimumVisualStudioVersion = 10.0.40219.1
Project("{FAE04EC0-301F-11D3-BF4B-00C04F79EFBC}") = "para1", "para1\para1.csproj", "{EA3A0E2F-EC67-401E-817C-7BB321413421}"
EndProject
Global
	GlobalSection(SolutionConfigurationPlatforms) = preSolution
		Debug|Any CPU = Debug|Any CPU
		Release|Any CPU = Release|Any CPU
	EndGlobalSection
	GlobalSection(ProjectConfigurationPlatforms) = postSolution
		{EA3A0E2F-EC67-401E-817C-7BB321413421}.Debug|Any CPU.ActiveCfg = Debug|Any CPU
		{EA3A0E2F-EC67-401E-817C-7BB321413421}.Debug|Any CPU.Build.0 = Debug|Any CPU
		{EA3A0E2F-EC67-401E-817C-7BB321413421}.Release|Any CPU.ActiveCfg = Release|Any CPU
		{EA3A0E2F-EC67-401E-817C-7BB321413421}.Release|Any CPU.Build.0 = Release|Any CPU
	EndGlobalSection
	GlobalSection(SolutionProperties) = preSolution
		HideSolutionNode = FALSE
	EndGlobalSection
	GlobalSection(ExtensibilityGlobals) = postSolution
		SolutionGuid = {BDC29662-4816-4E99-8767-312C2333BC81}
	EndGlobalSection
EndGlobal
